{
  "nodes": {
    "ai-assistant-instructions": {
      "flake": false,
      "locked": {
        "lastModified": 1791130511,
        "narHash": "sha256-eK/z/j/UB7tBCrUeXvoaQoKfFVXufEYjVsFsY7Nm7Ag=",
        "owner": "dryvist",
        "repo": "ai-assistant-instructions",
        "rev": "167aa17cae1310a5d1ac3b6cb533c70a029fbe9d",
        "type": "github"
      },
      "original": {
        "owner": "dryvist",
        "repo": "ai-assistant-instructions",
        "type": "github"
      }
    },
    "anthropic-agent-skills": {
      "flake": false,
      "locked": {
        "lastModified": 1790648403,
        "narHash": "sha256-PRBkTEGNwT73EFCvuTprzIBGiG+UGSYiaCkY7Ji13us=",
        "owner": "anthropics",
        "repo": "skills",
        "rev": "8a1541c4a3ffa5a20a5a91de0dcf3f0bab1d1ef4",
        "type": "github"
      },
      "original": {
        "owner": "anthropics",
        "repo": "skills",
        "type": "github"
      }
    },
    "aps": {
      "inputs": {
        "nixpkgs": [
          "nixpkgs"
        ]
      },
      "locked": {
        "lastModified": 1788122362,
        "narHash": "sha256-njbGFglJbvJvxHYfwEXB1tYhqDAlvSp5lzAPvfZQnvg=",
        "owner": "obvionaoe",
        "repo": "aps",
        "rev": "e397b9a31481d7b6c872ab966848b7b6a2d71017",
        "type": "github"
      },
      "original": {
        "owner": "obvionaoe",
        "repo": "aps",
        "type": "github"
      }
    },
    "artginzburg-tap": {
      "flake": false,
      "locked": {
        "lastModified": 1791395812,
        "narHash": "sha256-mO6HFWHb/kJwgQarrhHAMIOd9vMK3XpwLDfHMsi4ZYI=",
        "owner": "artginzburg",
        "repo": "homebrew-tap",
        "rev": "13050cc44b033dcf0c2dec612998362a1c7cd0c0",
        "type": "github"
      },
      "original": {
        "owner": "artginzburg",
        "repo": "homebrew-tap",
        "type": "github"
      }
    },
    "axton-obsidian-visual-skills": {
      "flake": false,
      "locked": {
        "lastModified": 1770862721,
        "narHash": "sha256-28hLlKPifZ0GT3vc3eYuIN0C2DQm6vtZhJIKEomRp0M=",
        "owner": "axtonliu",
        "repo": "axton-obsidian-visual-skills",
        "rev": "1265976d9746a84858b4b7b42fb86a215aa93de9",
        "type": "github"
      },
      "original": {
        "owner": "axtonliu",
        "repo": "axton-obsidian-visual-skills",
        "type": "github"
      }
    },
    "bills-claude-skills": {
      "flake": false,
      "locked": {
        "lastModified": 1784507965,
        "narHash": "sha256-MgV4CixZ+JW+Li3MscdUoCZdXe6Elxfj1Goz41z24Yk=",
        "owner": "BillChirico",
        "repo": "bills-claude-skills",
        "rev": "2c3b4ad0a5e62eb49fcb08fdcf12d5af446d9c8a",
        "type": "github"
      },
      "original": {
        "owner": "BillChirico",
        "repo": "bills-claude-skills",
        "type": "github"
      }
    },
    "bitwarden-marketplace": {
      "flake": false,
      "locked": {
        "lastModified": 1790873700,
        "narHash": "sha256-+0XMV6298JQOoes3JOZG5++UlB2nPrWMaH97LpuditA=",
        "owner": "bitwarden",
        "repo": "ai-plugins",
        "rev": "dd448c18ac4176538989e90f450b1fc2a6b3c871",
        "type": "github"
      },
      "original": {
        "owner": "bitwarden",
        "repo": "ai-plugins",
        "type": "github"
      }
    },
    "brew-src": {
      "flake": false,
      "locked": {
        "lastModified": 1789661079,
        "narHash": "sha256-geVTQ51PGZ1mLULM5k7wO7qt/6xenOR/YG8X7Q3eCaI=",
        "owner": "Homebrew",
        "repo": "brew",
        "rev": "edb70f031e4170c780799633a1226ff73e1077f4",
        "type": "github"
      },
      "original": {
        "owner": "Homebrew",
        "ref": "7.0.4",
        "repo": "brew",
        "type": "github"
      }
    },
    "browser-use-skills": {
      "flake": false,
      "locked": {
        "lastModified": 1790985965,
        "narHash": "sha256-tEaAtU+ujWv6amcMtRhUgSSeKZRjr/jDvui3rkA++qE=",
        "owner": "browser-use",
        "repo": "browser-use",
        "rev": "7be96ed8bafa8dfe1eef228b59cf5c884b8b2431",
        "type": "github"
      },
      "original": {
        "owner": "browser-use",
        "repo": "browser-use",
        "type": "github"
      }
    },
    "cc-dev-tools": {
      "flake": false,
      "locked": {
        "lastModified": 1786388286,
        "narHash": "sha256-e3RLQeSPS8eW7ICzFBmrCh/748XQfzK4tykMxKMtH8I=",
        "owner": "Lucklyric",
        "repo": "cc-dev-tools",
        "rev": "66ecbe805d073ee85e6da53161fc92b7160c7cb2",
        "type": "github"
      },
      "original": {
        "owner": "Lucklyric",
        "repo": "cc-dev-tools",
        "type": "github"
      }
    },
    "cc-marketplace": {
      "flake": false,
      "locked": {
        "lastModified": 1768758615,
        "narHash": "sha256-BnH8+reZQRy4st+5zwA1EEDLIc2nVIp8CVBizUIkjXo=",
        "owner": "ananddtyagi",
        "repo": "cc-marketplace",
        "rev": "b643305146890bda9b2e694d2c42206ae4d0a4df",
        "type": "github"
      },
      "original": {
        "owner": "ananddtyagi",
        "repo": "cc-marketplace",
        "type": "github"
      }
    },
    "claude-code": {
      "inputs": {
        "nixpkgs": [
          "nixpkgs"
        ],
        "systems": "systems"
      },
      "locked": {
        "lastModified": 1791071338,
        "narHash": "sha256-YBAFoulgm9qEavWtmb2gHwk7lgpVZL7vtr4+yi6H3UU=",
        "owner": "sadjow",
        "repo": "claude-code-nix",
        "rev": "b17e42820330bd34ab890632c2f6f80daf4e517f",
        "type": "github"
      },
      "original": {
        "owner": "sadjow",
        "repo": "claude-code-nix",
        "type": "github"
      }
    },
    "claude-code-plugins": {
      "flake": false,
      "locked": {
        "lastModified": 1790972378,
        "narHash": "sha256-cqQ8Ces0sUCWw2Pz9aV67ed9vI+IAyv4JppveKdd35k=",
        "owner": "anthropics",
        "repo": "claude-code",
        "rev": "1c229fcd1e1e4e452e29a8f116b45fe4cfe2c528",
        "type": "github"
      },
      "original": {
        "owner": "anthropics",
        "repo": "claude-code",
        "type": "github"
      }
    },
    "claude-code-plugins-plus": {
      "flake": false,
      "locked": {
        "lastModified": 1791023263,
        "narHash": "sha256-WPjBERrgmPWLMg8maV8YBKCikFekke79TzsgT0ZUaaM=",
        "owner": "jeremylongshore",
        "repo": "claude-code-plugins-plus",
        "rev": "b7b9c7236b870fb5402f5bdc387922607aa30e0e",
        "type": "github"
      },
      "original": {
        "owner": "jeremylongshore",
        "repo": "claude-code-plugins-plus",
        "type": "github"
      }
    },
    "claude-code-workflows": {
      "flake": false,
      "locked": {
        "lastModified": 1790642726,
        "narHash": "sha256-LNDpYF5bOeG9GmDW3A2sZv88B00WmxxOAPkzCgkfj3Y=",
        "owner": "wshobson",
        "repo": "agents",
        "rev": "156b7a5e7a8b93642628a339ee4039c925b34c7f",
        "type": "github"
      },
      "original": {
        "owner": "wshobson",
        "repo": "agents",
        "type": "github"
      }
    },
    "claude-cookbooks": {
      "flake": false,
      "locked": {
        "lastModified": 1790614595,
        "narHash": "sha256-AN9FwfLuosq1AqQZnkfGidIambhG0ffjh5QWhjtBh10=",
        "owner": "anthropics",
        "repo": "claude-cookbooks",
        "rev": "d7265d6ae994ccd8429db0594b000073b2f9ad43",
        "type": "github"
      },
      "original": {
        "owner": "anthropics",
        "repo": "claude-cookbooks",
        "type": "github"
      }
    },
    "claude-plugins-official": {
      "flake": false,
      "locked": {
        "lastModified": 1790976370,
        "narHash": "sha256-LQ78jO8fzutmPJSsc3XeA+KqEP8wOrhH8AQaDCr/Pd8=",
        "owner": "anthropics",
        "repo": "claude-plugins-official",
        "rev": "d182ca456ca09d31d139f7d3818d1d333b103cce",
        "type": "github"
      },
      "original": {
        "owner": "anthropics",
        "repo": "claude-plugins-official",
        "type": "github"
      }
    },
    "claude-skills": {
      "flake": false,
      "locked": {
        "lastModified": 1790424925,
        "narHash": "sha256-U0XLQQ/5NPAIiHZ4lD69FpWymZVys5c6dyBOn8UmAtU=",
        "owner": "secondsky",
        "repo": "claude-skills",
        "rev": "88378361314f558fb719aec0af9fd898ab36f0b2",
        "type": "github"
      },
      "original": {
        "owner": "secondsky",
        "repo": "claude-skills",
        "type": "github"
      }
    },
    "claude-swap": {
      "flake": false,
      "locked": {
        "lastModified": 1786474943,
        "narHash": "sha256-BDfwyH7h7Ii7QYaunHDnf0Epk5nUEd8OdOH3QCf1CJU=",
        "owner": "realiti4",
        "repo": "claude-swap",
        "rev": "9f625064763d3fb04cbe31e90a7f3f9ef123df99",
        "type": "github"
      },
      "original": {
        "owner": "realiti4",
        "ref": "v0.25.0",
        "repo": "claude-swap",
        "type": "github"
      }
    },
    "dryvist-github": {
      "inputs": {
        "git-hooks": "git-hooks",
        "nixpkgs": [
          "nix-claude-code",
          "nixpkgs"
        ],
        "treefmt-nix": "treefmt-nix"
      },
      "locked": {
        "lastModified": 1791153044,
        "narHash": "sha256-BLXXATT27p49TZp4ojVdtn0MzZbecgJ2KfYRnv0KcLY=",
        "owner": "dryvist",
        "repo": ".github",
        "rev": "d3c1fee88032da506f32e69c6c8585a7ec79273b",
        "type": "github"
      },
      "original": {
        "owner": "dryvist",
        "repo": ".github",
        "type": "github"
      }
    },
    "fabric-src": {
      "flake": false,
      "locked": {
        "lastModified": 1790998289,
        "narHash": "sha256-GxlYXMO3oNvuOoZTHlxmLfp4zjodX1gWowNlf6tpT70=",
        "owner": "danielmiessler",
        "repo": "fabric",
        "rev": "ddf1aab968caa9adf90137a6536c768d02b237d6",
        "type": "github"
      },
      "original": {
        "owner": "danielmiessler",
        "repo": "fabric",
        "type": "github"
      }
    },
    "flake-compat": {
      "flake": false,
      "locked": {
        "lastModified": 1767039857,
        "narHash": "sha256-vNpUSpF5Nuw8xvDLj2KCwwksIbjua2LZCqhV1LNRDns=",
        "owner": "NixOS",
        "repo": "flake-compat",
        "rev": "5edf11c44bc78a0d334f6334cdaf7d60d732daab",
        "type": "github"
      },
      "original": {
        "owner": "NixOS",
        "repo": "flake-compat",
        "type": "github"
      }
    },
    "flake-parts": {
      "inputs": {
        "nixpkgs-lib": [
          "nix-claude-code",
          "nixpkgs"
        ]
      },
      "locked": {
        "lastModified": 1790898470,
        "narHash": "sha256-zTwuwezD0w3hpga6a6P8emidzAZFyWqlNeRBlpWOOl8=",
        "owner": "hercules-ci",
        "repo": "flake-parts",
        "rev": "024633cd702b10285db5cb19b40ad48d2399ba60",
        "type": "github"
      },
      "original": {
        "owner": "hercules-ci",
        "repo": "flake-parts",
        "type": "github"
      }
    },
    "flake-parts_2": {
      "inputs": {
        "nixpkgs-lib": [
          "nur",
          "nixpkgs"
        ]
      },
      "locked": {
        "lastModified": 1733312601,
        "narHash": "sha256-4pDvzqnegAfRkPwO3wmwBhVi/Sye1mzps0zHWYnP88c=",
        "owner": "hercules-ci",
        "repo": "flake-parts",
        "rev": "205b12d8b7cd4802fbcb8e8ef6a0f1408781a4f9",
        "type": "github"
      },
      "original": {
        "owner": "hercules-ci",
        "repo": "flake-parts",
        "type": "github"
      }
    },
    "git-hooks": {
      "inputs": {
        "flake-compat": "flake-compat",
        "gitignore": "gitignore",
        "nixpkgs": [
          "nix-claude-code",
          "dryvist-github",
          "nixpkgs"
        ]
      },
      "locked": {
        "lastModified": 1778507602,
        "narHash": "sha256-kTwur1wV+01SdqskVMSo6JMEpg71ps3HpbFY2GsflKs=",
        "owner": "cachix",
        "repo": "git-hooks.nix",
        "rev": "61ab0e80d9c7ab14c256b5b453d8b3fb0189ba0a",
        "type": "github"
      },
      "original": {
        "owner": "cachix",
        "repo": "git-hooks.nix",
        "type": "github"
      }
    },
    "gitignore": {
      "inputs": {
        "nixpkgs": [
          "nix-claude-code",
          "dryvist-github",
          "git-hooks",
          "nixpkgs"
        ]
      },
      "locked": {
        "lastModified": 1709087332,
        "narHash": "sha256-HG2cCnktfHsKV0s4XW83gU3F57gaTljL9KNSuG6bnQs=",
        "owner": "hercules-ci",
        "repo": "gitignore.nix",
        "rev": "637db329424fd7e46cf4185293b9cc8c88c95394",
        "type": "github"
      },
      "original": {
        "owner": "hercules-ci",
        "repo": "gitignore.nix",
        "type": "github"
      }
    },
    "home-manager": {
      "inputs": {
        "nixpkgs": [
          "nixpkgs"
        ]
      },
      "locked": {
        "lastModified": 1790996401,
        "narHash": "sha256-f+kOxEmOUnQazVAmGg0i8hzwgd1kX/geY+k/Dpheye8=",
        "owner": "nix-community",
        "repo": "home-manager",
        "rev": "db7d5e2332710f5abb088f6b5de927d7f9511b35",
        "type": "github"
      },
      "original": {
        "owner": "nix-community",
        "ref": "release-26.05",
        "repo": "home-manager",
        "type": "github"
      }
    },
    "homebrew-cask": {
      "flake": false,
      "locked": {
        "lastModified": 1791187449,
        "narHash": "sha256-wWNTSX2jlU82eExvT/ds3zn9ImxQSCwFko5oegaBzsI=",
        "owner": "homebrew",
        "repo": "homebrew-cask",
        "rev": "83388238a41927be1eb8a209979e8b1854da1593",
        "type": "github"
      },
      "original": {
        "owner": "homebrew",
        "repo": "homebrew-cask",
        "type": "github"
      }
    },
    "homebrew-core": {
      "flake": false,
      "locked": {
        "lastModified": 1791187242,
        "narHash": "sha256-kI0yqArDvyI1Xfxqtd0gmc5MYUuwTZriFMreTfQpC2s=",
        "owner": "homebrew",
        "repo": "homebrew-core",
        "rev": "f5f285b4d0e6c0abdc4d7fcf7aacec66a408ea37",
        "type": "github"
      },
      "original": {
        "owner": "homebrew",
        "repo": "homebrew-core",
        "type": "github"
      }
    },
    "huggingface-skills": {
      "flake": false,
      "locked": {
        "lastModified": 1790857999,
        "narHash": "sha256-cGxPshSg4gJQoFMUKqIIF2R6Sc3mIYtbJ98G0RxBrTw=",
        "owner": "huggingface",
        "repo": "skills",
        "rev": "ca0325bb20b2d0a1b2efa893670c4c72f79e707b",
        "type": "github"
      },
      "original": {
        "owner": "huggingface",
        "repo": "skills",
        "type": "github"
      }
    },
    "jackielii-tap": {
      "flake": false,
      "locked": {
        "lastModified": 1788952337,
        "narHash": "sha256-u5mnULrPnCGaCN+ZLAzo4tRktv2ZTxKbPu5k7hVlNoc=",
        "owner": "jackielii",
        "repo": "homebrew-tap",
        "rev": "80bec50a4487af592f71b3c1ea81385b95e2a7d3",
        "type": "github"
      },
      "original": {
        "owner": "jackielii",
        "repo": "homebrew-tap",
        "type": "github"
      }
    },
    "jacobpevans-cc-plugins": {
      "flake": false,
      "locked": {
        "lastModified": 1791142451,
        "narHash": "sha256-wsQ2w+Jgfj9XdZrn+KlkoxizLUXIjYQcyAkFir5W+ew=",
        "owner": "JacobPEvans",
        "repo": "claude-code-plugins",
        "rev": "0dc7ce44febde21403ec94006b2355ff138165aa",
        "type": "github"
      },
      "original": {
        "owner": "JacobPEvans",
        "repo": "claude-code-plugins",
        "type": "github"
      }
    },
    "karpathy-skills": {
      "flake": false,
      "locked": {
        "lastModified": 1776679504,
        "narHash": "sha256-4z/wRdYH7UXRzF8RJU0sw8xbpx0BW/7CBv5sVEC2knY=",
        "owner": "forrestchang",
        "repo": "andrej-karpathy-skills",
        "rev": "2c606141936f1eeef17fa3043a72095b4765b9c2",
        "type": "github"
      },
      "original": {
        "owner": "forrestchang",
        "repo": "andrej-karpathy-skills",
        "type": "github"
      }
    },
    "lunar-claude": {
      "flake": false,
      "locked": {
        "lastModified": 1783631797,
        "narHash": "sha256-i2X9q+VcDGQHa+xQB7iimcrzIX4E3GPhj6SYxX9fhys=",
        "owner": "basher83",
        "repo": "lunar-claude",
        "rev": "e81cabf81e7c58eb90b2dc656c8bc15d4a23227b",
        "type": "github"
      },
      "original": {
        "owner": "basher83",
        "repo": "lunar-claude",
        "type": "github"
      }
    },
    "nix-claude-code": {
      "inputs": {
        "ai-assistant-instructions": "ai-assistant-instructions",
        "anthropic-agent-skills": "anthropic-agent-skills",
        "axton-obsidian-visual-skills": "axton-obsidian-visual-skills",
        "bills-claude-skills": "bills-claude-skills",
        "bitwarden-marketplace": "bitwarden-marketplace",
        "browser-use-skills": "browser-use-skills",
        "cc-dev-tools": "cc-dev-tools",
        "cc-marketplace": "cc-marketplace",
        "claude-code-plugins": "claude-code-plugins",
        "claude-code-plugins-plus": "claude-code-plugins-plus",
        "claude-code-workflows": "claude-code-workflows",
        "claude-cookbooks": "claude-cookbooks",
        "claude-plugins-official": "claude-plugins-official",
        "claude-skills": "claude-skills",
        "claude-swap": "claude-swap",
        "dryvist-github": "dryvist-github",
        "fabric-src": "fabric-src",
        "flake-parts": "flake-parts",
        "home-manager": [
          "home-manager"
        ],
        "huggingface-skills": "huggingface-skills",
        "jacobpevans-cc-plugins": "jacobpevans-cc-plugins",
        "karpathy-skills": "karpathy-skills",
        "lunar-claude": "lunar-claude",
        "nixpkgs": [
          "nixpkgs"
        ],
        "obsidian-skills": "obsidian-skills",
        "openai-codex": "openai-codex",
        "superpowers-marketplace": "superpowers-marketplace",
        "vct-cribl-pack-validator-skills": "vct-cribl-pack-validator-skills",
        "visual-explainer-marketplace": "visual-explainer-marketplace"
      },
      "locked": {
        "lastModified": 1791181800,
        "narHash": "sha256-VJTTBlFo8jXRBDtCwycKQt6qmMzrbP7+G1lpEwaRSFg=",
        "owner": "dryvist",
        "repo": "nix-claude-code",
        "rev": "21a01a9fd18e35b9fb5d616ed1c1a5fdfda30398",
        "type": "github"
      },
      "original": {
        "owner": "dryvist",
        "repo": "nix-claude-code",
        "type": "github"
      }
    },
    "nix-darwin": {
      "inputs": {
        "nixpkgs": [
          "nixpkgs"
        ]
      },
      "locked": {
        "lastModified": 1783744694,
        "narHash": "sha256-2cp6N3rrwnGYLTx9l6N+NI+kwrCWxvJUbj5WJhvB29A=",
        "owner": "nix-darwin",
        "repo": "nix-darwin",
        "rev": "c3e90c89649b07d1a96e4b9dd6cd0d6e44b91a74",
        "type": "github"
      },
      "original": {
        "owner": "nix-darwin",
        "ref": "nix-darwin-26.05",
        "repo": "nix-darwin",
        "type": "github"
      }
    },
    "nix-homebrew": {
      "inputs": {
        "brew-src": "brew-src"
      },
      "locked": {
        "lastModified": 1789928041,
        "narHash": "sha256-iV37ieTcE4ZLOYEe0VznW6dWMBe4lEL8AbK1vblyZGM=",
        "owner": "zhaofengli",
        "repo": "nix-homebrew",
        "rev": "c11cccfdd36dd69b5323d70d354b2853379c2426",
        "type": "github"
      },
      "original": {
        "owner": "zhaofengli",
        "repo": "nix-homebrew",
        "type": "github"
      }
    },
    "nix-vscode-extensions": {
      "inputs": {
        "nixpkgs": [
          "nixpkgs"
        ]
      },
      "locked": {
        "lastModified": 1791176327,
        "narHash": "sha256-yk1ENbdMkR35iyrsxBQi2vzArSPHPhgx0rlr7QXAh1U=",
        "owner": "nix-community",
        "repo": "nix-vscode-extensions",
        "rev": "10cb8298d5bf73196c70f7ba25a7aac01d3b9b4f",
        "type": "github"
      },
      "original": {
        "owner": "nix-community",
        "repo": "nix-vscode-extensions",
        "type": "github"
      }
    },
    "nixpkgs": {
      "locked": {
        "lastModified": 1790772421,
        "narHash": "sha256-96TDKjiguRQ0aWisslTg3yy/mJgjaFcC4kdNwZITnfs=",
        "rev": "e49322d1ec25b45f7c587c5fd69ac826d1a57dbc",
        "type": "tarball",
        "url": "https://releases.nixos.org/nixpkgs/26.05-darwin/nixpkgs-darwin-26.05pre1015232.e49322d1ec25/nixexprs.tar.zst"
      },
      "original": {
        "id": "nixpkgs",
        "ref": "nixpkgs-26.05-darwin",
        "type": "indirect"
      }
    },
    "nixpkgs-unstable": {
      "locked": {
        "lastModified": 1791011291,
        "narHash": "sha256-4ettaZ6zgjT1Zgjq6zrmIg87gBvLMvPJGA8u0BBTn6Y=",
        "rev": "73e728ddb6b7a12d18808f510813a13ee1fe4cce",
        "type": "tarball",
        "url": "https://releases.nixos.org/nixpkgs/nixpkgs-26.11pre1084597.73e728ddb6b7/nixexprs.tar.zst"
      },
      "original": {
        "id": "nixpkgs",
        "ref": "nixpkgs-unstable",
        "type": "indirect"
      }
    },
    "nur": {
      "inputs": {
        "flake-parts": "flake-parts_2",
        "nixpkgs": [
          "nixpkgs"
        ]
      },
      "locked": {
        "lastModified": 1791187606,
        "narHash": "sha256-KaZKN0Y00VcCD4M9y6DklLY0JgJaD+vEkKVgeN90vlc=",
        "owner": "nix-community",
        "repo": "nur",
        "rev": "a64b4896c0e74d6d887d7f47ca34cdd7923d5c51",
        "type": "github"
      },
      "original": {
        "owner": "nix-community",
        "repo": "nur",
        "type": "github"
      }
    },
    "obsidian-skills": {
      "flake": false,
      "locked": {
        "lastModified": 1789483437,
        "narHash": "sha256-kyH07EVmwIEC/q6i91Kz8mPE78j9ITga2NZUpU1+nHU=",
        "owner": "kepano",
        "repo": "obsidian-skills",
        "rev": "3ccff5338ea700537839b21900aa5358a0402c98",
        "type": "github"
      },
      "original": {
        "owner": "kepano",
        "repo": "obsidian-skills",
        "type": "github"
      }
    },
    "openai-codex": {
      "flake": false,
      "locked": {
        "lastModified": 1783469820,
        "narHash": "sha256-S/R4kHTcIHBcG0TRX063C7ILXZZm0oMqunchPGg6ToU=",
        "owner": "openai",
        "repo": "codex-plugin-cc",
        "rev": "db52e28f4d9ded852ab3942cea316258ae4ef346",
        "type": "github"
      },
      "original": {
        "owner": "openai",
        "repo": "codex-plugin-cc",
        "type": "github"
      }
    },
    "root": {
      "inputs": {
        "aps": "aps",
        "artginzburg-tap": "artginzburg-tap",
        "claude-code": "claude-code",
        "home-manager": "home-manager",
        "homebrew-cask": "homebrew-cask",
        "homebrew-core": "homebrew-core",
        "jackielii-tap": "jackielii-tap",
        "nix-claude-code": "nix-claude-code",
        "nix-darwin": "nix-darwin",
        "nix-homebrew": "nix-homebrew",
        "nix-vscode-extensions": "nix-vscode-extensions",
        "nixpkgs": "nixpkgs",
        "nixpkgs-unstable": "nixpkgs-unstable",
        "nur": "nur",
        "zsh-async": "zsh-async",
        "zsh-f-sy-h": "zsh-f-sy-h",
        "zsh-min-plus": "zsh-min-plus"
      }
    },
    "superpowers-marketplace": {
      "flake": false,
      "locked": {
        "lastModified": 1788899471,
        "narHash": "sha256-DrIvLmmqZkrwaD/L0QPgGA2GC1OK/6Xo5P9h0lLwff4=",
        "owner": "obra",
        "repo": "superpowers-marketplace",
        "rev": "ff9fa8a51f422d81414fa355587620d4ad2df81c",
        "type": "github"
      },
      "original": {
        "owner": "obra",
        "repo": "superpowers-marketplace",
        "type": "github"
      }
    },
    "systems": {
      "locked": {
        "lastModified": 1681028828,
        "narHash": "sha256-Vy1rq5AaRuLzOxct8nz4T6wlgyUR7zLU309k9mBC768=",
        "owner": "nix-systems",
        "repo": "default",
        "rev": "da67096a3b9bf56a91d16901293e51ba5b49a27e",
        "type": "github"
      },
      "original": {
        "owner": "nix-systems",
        "repo": "default",
        "type": "github"
      }
    },
    "treefmt-nix": {
      "inputs": {
        "nixpkgs": [
          "nix-claude-code",
          "dryvist-github",
          "nixpkgs"
        ]
      },
      "locked": {
        "lastModified": 1780220602,
        "narHash": "sha256-eynAfOmbmxJnkp7YewvCEbShNnnYJ9gLLqkzsYtBPeM=",
        "owner": "numtide",
        "repo": "treefmt-nix",
        "rev": "db947814a175b7ca6ded66e21383d938df01c227",
        "type": "github"
      },
      "original": {
        "owner": "numtide",
        "repo": "treefmt-nix",
        "type": "github"
      }
    },
    "vct-cribl-pack-validator-skills": {
      "flake": false,
      "locked": {
        "lastModified": 1774484708,
        "narHash": "sha256-cQEbj7K2HcFlL7vUVFYKsjlgZbzQqbVcAtw2QX7H4WQ=",
        "owner": "VisiCore",
        "repo": "vct-cribl-pack-validator",
        "rev": "eaf3b3f17f77faf6825c587dfdd552f8a9837926",
        "type": "github"
      },
      "original": {
        "owner": "VisiCore",
        "repo": "vct-cribl-pack-validator",
        "type": "github"
      }
    },
    "visual-explainer-marketplace": {
      "flake": false,
      "locked": {
        "lastModified": 1790979223,
        "narHash": "sha256-/3Ot2/2zE/5b2gTlH9g5jK7KlTeJY8BxyPJ0vfrd2VY=",
        "owner": "nicobailon",
        "repo": "visual-explainer",
        "rev": "5846f5aef34a23c8fea389d2f23ce56224cbf840",
        "type": "github"
      },
      "original": {
        "owner": "nicobailon",
        "repo": "visual-explainer",
        "type": "github"
      }
    },
    "zsh-async": {
      "flake": false,
      "locked": {
        "lastModified": 1672955751,
        "narHash": "sha256-mkTmgSnfoZlTaOPhw0Y0yG1BkZv+oTo/eEisZZTN5nM=",
        "owner": "mafredri",
        "repo": "zsh-async",
        "rev": "ee1d11b68c38dec24c22b1c51a45e8a815a79756",
        "type": "github"
      },
      "original": {
        "owner": "mafredri",
        "repo": "zsh-async",
        "type": "github"
      }
    },
    "zsh-f-sy-h": {
      "flake": false,
      "locked": {
        "lastModified": 1790560845,
        "narHash": "sha256-9DVuy39gRQF8fCsO+e4aaqWHZ1XRv440rNILyh4SKWI=",
        "owner": "z-shell",
        "repo": "F-Sy-H",
        "rev": "2762101f64824bc990ee3f63123c7df10d031079",
        "type": "github"
      },
      "original": {
        "owner": "z-shell",
        "repo": "F-Sy-H",
        "type": "github"
      }
    },
    "zsh-min-plus": {
      "flake": false,
      "locked": {
        "lastModified": 1787044736,
        "narHash": "sha256-SR5OV36wxLYyLlyvh2IxVgvebQuD3aeerdZsTUqOKXE=",
        "owner": "obvionaoe",
        "repo": "zsh-min-plus",
        "rev": "0736d4aaf32c6941c69b2c6134ee213cc4e1da21",
        "type": "github"
      },
      "original": {
        "owner": "obvionaoe",
        "repo": "zsh-min-plus",
        "type": "github"
      }
    }
  },
  "root": "root",
  "version": 7
}
