{
  "nodes": {
    "ai-assistant-instructions": {
      "flake": false,
      "locked": {
        "lastModified": 1789221894,
        "narHash": "sha256-C2gaM/63cm8DDZ3+as7b60xHoTpuVekhzzcvF2mUhaE=",
        "owner": "dryvist",
        "repo": "ai-assistant-instructions",
        "rev": "670047a7aab834a557d664754c0303453d701d1e",
        "type": "github"
      },
      "original": {
        "owner": "dryvist",
        "repo": "ai-assistant-instructions",
        "type": "github"
      }
    },
    "anthropic-agent-skills": {
      "flake": false,
      "locked": {
        "lastModified": 1789069448,
        "narHash": "sha256-tI4bTTBfI1ylltklGyiyA7pLoKXEWtrT6lrmwrpLbCw=",
        "owner": "anthropics",
        "repo": "skills",
        "rev": "34040c9c568585f6929bedeaad110ad08f079624",
        "type": "github"
      },
      "original": {
        "owner": "anthropics",
        "repo": "skills",
        "type": "github"
      }
    },
    "aps": {
      "inputs": {
        "nixpkgs": [
          "nixpkgs"
        ]
      },
      "locked": {
        "lastModified": 1788122362,
        "narHash": "sha256-njbGFglJbvJvxHYfwEXB1tYhqDAlvSp5lzAPvfZQnvg=",
        "owner": "obvionaoe",
        "repo": "aps",
        "rev": "e397b9a31481d7b6c872ab966848b7b6a2d71017",
        "type": "github"
      },
      "original": {
        "owner": "obvionaoe",
        "repo": "aps",
        "type": "github"
      }
    },
    "axton-obsidian-visual-skills": {
      "flake": false,
      "locked": {
        "lastModified": 1770862721,
        "narHash": "sha256-28hLlKPifZ0GT3vc3eYuIN0C2DQm6vtZhJIKEomRp0M=",
        "owner": "axtonliu",
        "repo": "axton-obsidian-visual-skills",
        "rev": "1265976d9746a84858b4b7b42fb86a215aa93de9",
        "type": "github"
      },
      "original": {
        "owner": "axtonliu",
        "repo": "axton-obsidian-visual-skills",
        "type": "github"
      }
    },
    "bills-claude-skills": {
      "flake": false,
      "locked": {
        "lastModified": 1784507965,
        "narHash": "sha256-MgV4CixZ+JW+Li3MscdUoCZdXe6Elxfj1Goz41z24Yk=",
        "owner": "BillChirico",
        "repo": "bills-claude-skills",
        "rev": "2c3b4ad0a5e62eb49fcb08fdcf12d5af446d9c8a",
        "type": "github"
      },
      "original": {
        "owner": "BillChirico",
        "repo": "bills-claude-skills",
        "type": "github"
      }
    },
    "bitwarden-marketplace": {
      "flake": false,
      "locked": {
        "lastModified": 1789162036,
        "narHash": "sha256-th1VnT9XlAH1xuLWm5shCsj4Gzxs0A0a1iyrCML3Nmo=",
        "owner": "bitwarden",
        "repo": "ai-plugins",
        "rev": "8283164eb4757cdefb09e8bedc0556eb83e758d1",
        "type": "github"
      },
      "original": {
        "owner": "bitwarden",
        "repo": "ai-plugins",
        "type": "github"
      }
    },
    "brew-src": {
      "flake": false,
      "locked": {
        "lastModified": 1788591592,
        "narHash": "sha256-NbwVKwKLFl0oXub7oPjvmDaOygCtV2oboeKTu4xXFTk=",
        "owner": "Homebrew",
        "repo": "brew",
        "rev": "08e85c4e42f5d8f1ea17c36cb59cf61c2ccb26c3",
        "type": "github"
      },
      "original": {
        "owner": "Homebrew",
        "ref": "6.0.22",
        "repo": "brew",
        "type": "github"
      }
    },
    "browser-use-skills": {
      "flake": false,
      "locked": {
        "lastModified": 1788984615,
        "narHash": "sha256-7psluVeAEY4s6GcJxyHNC/bwcKhBm7/VutyA0Q8tb0Q=",
        "owner": "browser-use",
        "repo": "browser-use",
        "rev": "50f205533fe10ba35b553d2a3689c77b87bd5d0a",
        "type": "github"
      },
      "original": {
        "owner": "browser-use",
        "repo": "browser-use",
        "type": "github"
      }
    },
    "cc-dev-tools": {
      "flake": false,
      "locked": {
        "lastModified": 1786388286,
        "narHash": "sha256-e3RLQeSPS8eW7ICzFBmrCh/748XQfzK4tykMxKMtH8I=",
        "owner": "Lucklyric",
        "repo": "cc-dev-tools",
        "rev": "66ecbe805d073ee85e6da53161fc92b7160c7cb2",
        "type": "github"
      },
      "original": {
        "owner": "Lucklyric",
        "repo": "cc-dev-tools",
        "type": "github"
      }
    },
    "cc-marketplace": {
      "flake": false,
      "locked": {
        "lastModified": 1768758615,
        "narHash": "sha256-BnH8+reZQRy4st+5zwA1EEDLIc2nVIp8CVBizUIkjXo=",
        "owner": "ananddtyagi",
        "repo": "cc-marketplace",
        "rev": "b643305146890bda9b2e694d2c42206ae4d0a4df",
        "type": "github"
      },
      "original": {
        "owner": "ananddtyagi",
        "repo": "cc-marketplace",
        "type": "github"
      }
    },
    "claude-code": {
      "inputs": {
        "nixpkgs": [
          "nixpkgs"
        ],
        "systems": "systems"
      },
      "locked": {
        "lastModified": 1789243306,
        "narHash": "sha256-YTEDtq7KPYlR5kMdioqHSdq5LP7Ol4lNFN1jffCUCXU=",
        "owner": "sadjow",
        "repo": "claude-code-nix",
        "rev": "e2fe3829b5fcbd493256b42a8f2bfbf86771dbdb",
        "type": "github"
      },
      "original": {
        "owner": "sadjow",
        "repo": "claude-code-nix",
        "type": "github"
      }
    },
    "claude-code-plugins": {
      "flake": false,
      "locked": {
        "lastModified": 1789242338,
        "narHash": "sha256-Cx+mUJ6DwPI7NvGZu0ArPfqyHFn4sqIexn5bWkNJmxw=",
        "owner": "anthropics",
        "repo": "claude-code",
        "rev": "2b40e76d3f03b9070e2431e0bd05b4f3ace77982",
        "type": "github"
      },
      "original": {
        "owner": "anthropics",
        "repo": "claude-code",
        "type": "github"
      }
    },
    "claude-code-plugins-plus": {
      "flake": false,
      "locked": {
        "lastModified": 1789240495,
        "narHash": "sha256-Oi5pEGtr45Al+wW49fx4CPBMYuBB8p1Zs+gUFsTYCCs=",
        "owner": "jeremylongshore",
        "repo": "claude-code-plugins-plus",
        "rev": "948ab208ada43322e523656c0efa2db0ceb2c8d9",
        "type": "github"
      },
      "original": {
        "owner": "jeremylongshore",
        "repo": "claude-code-plugins-plus",
        "type": "github"
      }
    },
    "claude-code-workflows": {
      "flake": false,
      "locked": {
        "lastModified": 1788302183,
        "narHash": "sha256-sL/1lVCj20Z7WItLZEbafGuw8ifsou0bnPKR9Z77KDM=",
        "owner": "wshobson",
        "repo": "agents",
        "rev": "a30778f8c4e6b0a87567941b7cca4f534bf642b6",
        "type": "github"
      },
      "original": {
        "owner": "wshobson",
        "repo": "agents",
        "type": "github"
      }
    },
    "claude-cookbooks": {
      "flake": false,
      "locked": {
        "lastModified": 1788473909,
        "narHash": "sha256-8LPbUJku5QwH/8bzzAEEXT2ea+IH9TfqNnaf3rX+/T8=",
        "owner": "anthropics",
        "repo": "claude-cookbooks",
        "rev": "a97b9a2dc300635f0c26b5e05d0b54bbe0279ee5",
        "type": "github"
      },
      "original": {
        "owner": "anthropics",
        "repo": "claude-cookbooks",
        "type": "github"
      }
    },
    "claude-plugins-official": {
      "flake": false,
      "locked": {
        "lastModified": 1789142908,
        "narHash": "sha256-8LgDacLKv4gLPYrgIwg/O8IfySBwa/AxgrLXFdliROc=",
        "owner": "anthropics",
        "repo": "claude-plugins-official",
        "rev": "3deb821cb71ccfaaf2ffa9935e977df314ce5cd5",
        "type": "github"
      },
      "original": {
        "owner": "anthropics",
        "repo": "claude-plugins-official",
        "type": "github"
      }
    },
    "claude-skills": {
      "flake": false,
      "locked": {
        "lastModified": 1788968120,
        "narHash": "sha256-pas1zhJDVgNlUdLPSKSF11kiaeQuxco5GRN17VOb2zk=",
        "owner": "secondsky",
        "repo": "claude-skills",
        "rev": "00d6097723b88504637a3979d7810e82cab60694",
        "type": "github"
      },
      "original": {
        "owner": "secondsky",
        "repo": "claude-skills",
        "type": "github"
      }
    },
    "claude-swap": {
      "flake": false,
      "locked": {
        "lastModified": 1786474943,
        "narHash": "sha256-BDfwyH7h7Ii7QYaunHDnf0Epk5nUEd8OdOH3QCf1CJU=",
        "owner": "realiti4",
        "repo": "claude-swap",
        "rev": "9f625064763d3fb04cbe31e90a7f3f9ef123df99",
        "type": "github"
      },
      "original": {
        "owner": "realiti4",
        "ref": "v0.25.0",
        "repo": "claude-swap",
        "type": "github"
      }
    },
    "dryvist-github": {
      "inputs": {
        "git-hooks": "git-hooks",
        "nixpkgs": [
          "nix-claude-code",
          "nixpkgs"
        ],
        "treefmt-nix": "treefmt-nix"
      },
      "locked": {
        "lastModified": 1789233807,
        "narHash": "sha256-hJ4q3ixyD9JznHUickWRwpR1p3h4SUktlQFq3UHxtow=",
        "owner": "dryvist",
        "repo": ".github",
        "rev": "e5b807588848d7870de16ea0d04589327987116f",
        "type": "github"
      },
      "original": {
        "owner": "dryvist",
        "repo": ".github",
        "type": "github"
      }
    },
    "fabric-src": {
      "flake": false,
      "locked": {
        "lastModified": 1788808663,
        "narHash": "sha256-E4FCKDSUWyEhmDj8jNoqvMP2Q27zpyCt/ULMXOd1CiI=",
        "owner": "danielmiessler",
        "repo": "fabric",
        "rev": "b682dad740f24e85ce9a48d23babc6780dd476ac",
        "type": "github"
      },
      "original": {
        "owner": "danielmiessler",
        "repo": "fabric",
        "type": "github"
      }
    },
    "flake-compat": {
      "flake": false,
      "locked": {
        "lastModified": 1767039857,
        "narHash": "sha256-vNpUSpF5Nuw8xvDLj2KCwwksIbjua2LZCqhV1LNRDns=",
        "owner": "NixOS",
        "repo": "flake-compat",
        "rev": "5edf11c44bc78a0d334f6334cdaf7d60d732daab",
        "type": "github"
      },
      "original": {
        "owner": "NixOS",
        "repo": "flake-compat",
        "type": "github"
      }
    },
    "flake-parts": {
      "inputs": {
        "nixpkgs-lib": [
          "nix-claude-code",
          "nixpkgs"
        ]
      },
      "locked": {
        "lastModified": 1788450739,
        "narHash": "sha256-glZLQlzIn1fXH6PazR2iUmTo7kzzyYSshrWhLS9TqCU=",
        "owner": "hercules-ci",
        "repo": "flake-parts",
        "rev": "31729ca8cbdb4fa927b34e5f4353e6a83f39e993",
        "type": "github"
      },
      "original": {
        "owner": "hercules-ci",
        "repo": "flake-parts",
        "type": "github"
      }
    },
    "flake-parts_2": {
      "inputs": {
        "nixpkgs-lib": [
          "nur",
          "nixpkgs"
        ]
      },
      "locked": {
        "lastModified": 1733312601,
        "narHash": "sha256-4pDvzqnegAfRkPwO3wmwBhVi/Sye1mzps0zHWYnP88c=",
        "owner": "hercules-ci",
        "repo": "flake-parts",
        "rev": "205b12d8b7cd4802fbcb8e8ef6a0f1408781a4f9",
        "type": "github"
      },
      "original": {
        "owner": "hercules-ci",
        "repo": "flake-parts",
        "type": "github"
      }
    },
    "git-hooks": {
      "inputs": {
        "flake-compat": "flake-compat",
        "gitignore": "gitignore",
        "nixpkgs": [
          "nix-claude-code",
          "dryvist-github",
          "nixpkgs"
        ]
      },
      "locked": {
        "lastModified": 1778507602,
        "narHash": "sha256-kTwur1wV+01SdqskVMSo6JMEpg71ps3HpbFY2GsflKs=",
        "owner": "cachix",
        "repo": "git-hooks.nix",
        "rev": "61ab0e80d9c7ab14c256b5b453d8b3fb0189ba0a",
        "type": "github"
      },
      "original": {
        "owner": "cachix",
        "repo": "git-hooks.nix",
        "type": "github"
      }
    },
    "gitignore": {
      "inputs": {
        "nixpkgs": [
          "nix-claude-code",
          "dryvist-github",
          "git-hooks",
          "nixpkgs"
        ]
      },
      "locked": {
        "lastModified": 1709087332,
        "narHash": "sha256-HG2cCnktfHsKV0s4XW83gU3F57gaTljL9KNSuG6bnQs=",
        "owner": "hercules-ci",
        "repo": "gitignore.nix",
        "rev": "637db329424fd7e46cf4185293b9cc8c88c95394",
        "type": "github"
      },
      "original": {
        "owner": "hercules-ci",
        "repo": "gitignore.nix",
        "type": "github"
      }
    },
    "home-manager": {
      "inputs": {
        "nixpkgs": [
          "nixpkgs"
        ]
      },
      "locked": {
        "lastModified": 1789267039,
        "narHash": "sha256-LWiBv9yAYFi2LPbUhDGHPGKYskJQjj2fw12OlyO1uQo=",
        "owner": "nix-community",
        "repo": "home-manager",
        "rev": "ec172013fa62135f58fb58dd17ae9651e8f39727",
        "type": "github"
      },
      "original": {
        "owner": "nix-community",
        "ref": "release-26.05",
        "repo": "home-manager",
        "type": "github"
      }
    },
    "homebrew-cask": {
      "flake": false,
      "locked": {
        "lastModified": 1789383810,
        "narHash": "sha256-r7ZGFWTBakQ9YZUJMQYOXTI+o1ItYrqpe73+14dSg/c=",
        "owner": "homebrew",
        "repo": "homebrew-cask",
        "rev": "4953f661115571569cddf9e2b338d0264066dc7d",
        "type": "github"
      },
      "original": {
        "owner": "homebrew",
        "repo": "homebrew-cask",
        "type": "github"
      }
    },
    "homebrew-core": {
      "flake": false,
      "locked": {
        "lastModified": 1789389358,
        "narHash": "sha256-rkthdxuaCOfK+T4QTYboijMSriB/E2Z/a/M2Ng6/avE=",
        "owner": "homebrew",
        "repo": "homebrew-core",
        "rev": "455905cdab755c90d7feac8730229fb960414e67",
        "type": "github"
      },
      "original": {
        "owner": "homebrew",
        "repo": "homebrew-core",
        "type": "github"
      }
    },
    "huggingface-skills": {
      "flake": false,
      "locked": {
        "lastModified": 1789036594,
        "narHash": "sha256-7FIa799dJ7g5nXw3I+eT2LtGUk+YBZ6XNWYldAW3cfQ=",
        "owner": "huggingface",
        "repo": "skills",
        "rev": "f3186efbbc322121eb5d0f31e8a1d669ee961159",
        "type": "github"
      },
      "original": {
        "owner": "huggingface",
        "repo": "skills",
        "type": "github"
      }
    },
    "jackielii-tap": {
      "flake": false,
      "locked": {
        "lastModified": 1788952337,
        "narHash": "sha256-u5mnULrPnCGaCN+ZLAzo4tRktv2ZTxKbPu5k7hVlNoc=",
        "owner": "jackielii",
        "repo": "homebrew-tap",
        "rev": "80bec50a4487af592f71b3c1ea81385b95e2a7d3",
        "type": "github"
      },
      "original": {
        "owner": "jackielii",
        "repo": "homebrew-tap",
        "type": "github"
      }
    },
    "jacobpevans-cc-plugins": {
      "flake": false,
      "locked": {
        "lastModified": 1789238914,
        "narHash": "sha256-iPGoLIKOAhZYyHwtO+oM++dd3Gf7j7v6C0scpJNJJ/o=",
        "owner": "JacobPEvans",
        "repo": "claude-code-plugins",
        "rev": "9b5d413253d0c3ffa47ba272b4857ad2d6ca39c7",
        "type": "github"
      },
      "original": {
        "owner": "JacobPEvans",
        "repo": "claude-code-plugins",
        "type": "github"
      }
    },
    "karpathy-skills": {
      "flake": false,
      "locked": {
        "lastModified": 1776679504,
        "narHash": "sha256-4z/wRdYH7UXRzF8RJU0sw8xbpx0BW/7CBv5sVEC2knY=",
        "owner": "forrestchang",
        "repo": "andrej-karpathy-skills",
        "rev": "2c606141936f1eeef17fa3043a72095b4765b9c2",
        "type": "github"
      },
      "original": {
        "owner": "forrestchang",
        "repo": "andrej-karpathy-skills",
        "type": "github"
      }
    },
    "lunar-claude": {
      "flake": false,
      "locked": {
        "lastModified": 1783631797,
        "narHash": "sha256-i2X9q+VcDGQHa+xQB7iimcrzIX4E3GPhj6SYxX9fhys=",
        "owner": "basher83",
        "repo": "lunar-claude",
        "rev": "e81cabf81e7c58eb90b2dc656c8bc15d4a23227b",
        "type": "github"
      },
      "original": {
        "owner": "basher83",
        "repo": "lunar-claude",
        "type": "github"
      }
    },
    "nix-claude-code": {
      "inputs": {
        "ai-assistant-instructions": "ai-assistant-instructions",
        "anthropic-agent-skills": "anthropic-agent-skills",
        "axton-obsidian-visual-skills": "axton-obsidian-visual-skills",
        "bills-claude-skills": "bills-claude-skills",
        "bitwarden-marketplace": "bitwarden-marketplace",
        "browser-use-skills": "browser-use-skills",
        "cc-dev-tools": "cc-dev-tools",
        "cc-marketplace": "cc-marketplace",
        "claude-code-plugins": "claude-code-plugins",
        "claude-code-plugins-plus": "claude-code-plugins-plus",
        "claude-code-workflows": "claude-code-workflows",
        "claude-cookbooks": "claude-cookbooks",
        "claude-plugins-official": "claude-plugins-official",
        "claude-skills": "claude-skills",
        "claude-swap": "claude-swap",
        "dryvist-github": "dryvist-github",
        "fabric-src": "fabric-src",
        "flake-parts": "flake-parts",
        "home-manager": [
          "home-manager"
        ],
        "huggingface-skills": "huggingface-skills",
        "jacobpevans-cc-plugins": "jacobpevans-cc-plugins",
        "karpathy-skills": "karpathy-skills",
        "lunar-claude": "lunar-claude",
        "nixpkgs": [
          "nixpkgs"
        ],
        "obsidian-skills": "obsidian-skills",
        "openai-codex": "openai-codex",
        "superpowers-marketplace": "superpowers-marketplace",
        "vct-cribl-pack-validator-skills": "vct-cribl-pack-validator-skills",
        "visual-explainer-marketplace": "visual-explainer-marketplace"
      },
      "locked": {
        "lastModified": 1789288097,
        "narHash": "sha256-ppCC3BEiH/WWREkfYc3znSQRBwNVi89EAwDlTcVFh6k=",
        "owner": "dryvist",
        "repo": "nix-claude-code",
        "rev": "65c402dd3c22d5c62cf7af094faf8a58ffe47c52",
        "type": "github"
      },
      "original": {
        "owner": "dryvist",
        "repo": "nix-claude-code",
        "type": "github"
      }
    },
    "nix-darwin": {
      "inputs": {
        "nixpkgs": [
          "nixpkgs"
        ]
      },
      "locked": {
        "lastModified": 1783744694,
        "narHash": "sha256-2cp6N3rrwnGYLTx9l6N+NI+kwrCWxvJUbj5WJhvB29A=",
        "owner": "nix-darwin",
        "repo": "nix-darwin",
        "rev": "c3e90c89649b07d1a96e4b9dd6cd0d6e44b91a74",
        "type": "github"
      },
      "original": {
        "owner": "nix-darwin",
        "ref": "nix-darwin-26.05",
        "repo": "nix-darwin",
        "type": "github"
      }
    },
    "nix-homebrew": {
      "inputs": {
        "brew-src": "brew-src"
      },
      "locked": {
        "lastModified": 1788981439,
        "narHash": "sha256-fEaFq0XgpgWFPLfpq1UK4/8ylHd2T0+fo6O3hKz1LUM=",
        "owner": "zhaofengli",
        "repo": "nix-homebrew",
        "rev": "09a921d0181146cf6163ec2cc1db7b6fd539a885",
        "type": "github"
      },
      "original": {
        "owner": "zhaofengli",
        "repo": "nix-homebrew",
        "type": "github"
      }
    },
    "nix-vscode-extensions": {
      "inputs": {
        "nixpkgs": [
          "nixpkgs"
        ]
      },
      "locked": {
        "lastModified": 1789360006,
        "narHash": "sha256-qdXKYk7gEuUIuOCQ/KuMIJyx4EriuALzaI+eK4vBK0I=",
        "owner": "nix-community",
        "repo": "nix-vscode-extensions",
        "rev": "47789e27b5a7a147c6f4c70d5e40ac5636417ab4",
        "type": "github"
      },
      "original": {
        "owner": "nix-community",
        "repo": "nix-vscode-extensions",
        "type": "github"
      }
    },
    "nixpkgs": {
      "locked": {
        "lastModified": 1789155820,
        "narHash": "sha256-YFLVdq6kzCr2lg/x2d4tucHaut356OuBf+m7rJx+tyU=",
        "rev": "8029b6c369415ee1ef02a86f352806348f104db9",
        "type": "tarball",
        "url": "https://releases.nixos.org/nixpkgs/26.05-darwin/nixpkgs-darwin-26.05pre1013904.8029b6c36941/nixexprs.tar.xz"
      },
      "original": {
        "id": "nixpkgs",
        "ref": "nixpkgs-26.05-darwin",
        "type": "indirect"
      }
    },
    "nixpkgs-unstable": {
      "locked": {
        "lastModified": 1789264731,
        "narHash": "sha256-iR1Jj6svMpvLxPWA40qp+WUpg3MStLXJy5TZrP2cPes=",
        "rev": "02f5696b0e6097e589076d886b317b83ff0437d7",
        "type": "tarball",
        "url": "https://releases.nixos.org/nixpkgs/nixpkgs-26.11pre1072974.02f5696b0e60/nixexprs.tar.xz"
      },
      "original": {
        "id": "nixpkgs",
        "ref": "nixpkgs-unstable",
        "type": "indirect"
      }
    },
    "nur": {
      "inputs": {
        "flake-parts": "flake-parts_2",
        "nixpkgs": [
          "nixpkgs"
        ]
      },
      "locked": {
        "lastModified": 1789391634,
        "narHash": "sha256-wt0VPFD+n6uLciVPHGLQ5Ok0YtlvbeBdTLHz9wy2Xg0=",
        "owner": "nix-community",
        "repo": "nur",
        "rev": "eff084c8b6d99eaeca67720eb3bb382f8955f6c2",
        "type": "github"
      },
      "original": {
        "owner": "nix-community",
        "repo": "nur",
        "type": "github"
      }
    },
    "obsidian-skills": {
      "flake": false,
      "locked": {
        "lastModified": 1789082377,
        "narHash": "sha256-+n/swhEwE6sSRpzQtRfpNdqa7UAXUQF9GsGU77So3hI=",
        "owner": "kepano",
        "repo": "obsidian-skills",
        "rev": "8ccef29ae8624eccc734e77ced4a6e54baf5d83a",
        "type": "github"
      },
      "original": {
        "owner": "kepano",
        "repo": "obsidian-skills",
        "type": "github"
      }
    },
    "openai-codex": {
      "flake": false,
      "locked": {
        "lastModified": 1783469820,
        "narHash": "sha256-S/R4kHTcIHBcG0TRX063C7ILXZZm0oMqunchPGg6ToU=",
        "owner": "openai",
        "repo": "codex-plugin-cc",
        "rev": "db52e28f4d9ded852ab3942cea316258ae4ef346",
        "type": "github"
      },
      "original": {
        "owner": "openai",
        "repo": "codex-plugin-cc",
        "type": "github"
      }
    },
    "root": {
      "inputs": {
        "aps": "aps",
        "claude-code": "claude-code",
        "home-manager": "home-manager",
        "homebrew-cask": "homebrew-cask",
        "homebrew-core": "homebrew-core",
        "jackielii-tap": "jackielii-tap",
        "nix-claude-code": "nix-claude-code",
        "nix-darwin": "nix-darwin",
        "nix-homebrew": "nix-homebrew",
        "nix-vscode-extensions": "nix-vscode-extensions",
        "nixpkgs": "nixpkgs",
        "nixpkgs-unstable": "nixpkgs-unstable",
        "nur": "nur",
        "zsh-async": "zsh-async",
        "zsh-f-sy-h": "zsh-f-sy-h",
        "zsh-min-plus": "zsh-min-plus"
      }
    },
    "superpowers-marketplace": {
      "flake": false,
      "locked": {
        "lastModified": 1788899471,
        "narHash": "sha256-DrIvLmmqZkrwaD/L0QPgGA2GC1OK/6Xo5P9h0lLwff4=",
        "owner": "obra",
        "repo": "superpowers-marketplace",
        "rev": "ff9fa8a51f422d81414fa355587620d4ad2df81c",
        "type": "github"
      },
      "original": {
        "owner": "obra",
        "repo": "superpowers-marketplace",
        "type": "github"
      }
    },
    "systems": {
      "locked": {
        "lastModified": 1681028828,
        "narHash": "sha256-Vy1rq5AaRuLzOxct8nz4T6wlgyUR7zLU309k9mBC768=",
        "owner": "nix-systems",
        "repo": "default",
        "rev": "da67096a3b9bf56a91d16901293e51ba5b49a27e",
        "type": "github"
      },
      "original": {
        "owner": "nix-systems",
        "repo": "default",
        "type": "github"
      }
    },
    "treefmt-nix": {
      "inputs": {
        "nixpkgs": [
          "nix-claude-code",
          "dryvist-github",
          "nixpkgs"
        ]
      },
      "locked": {
        "lastModified": 1780220602,
        "narHash": "sha256-eynAfOmbmxJnkp7YewvCEbShNnnYJ9gLLqkzsYtBPeM=",
        "owner": "numtide",
        "repo": "treefmt-nix",
        "rev": "db947814a175b7ca6ded66e21383d938df01c227",
        "type": "github"
      },
      "original": {
        "owner": "numtide",
        "repo": "treefmt-nix",
        "type": "github"
      }
    },
    "vct-cribl-pack-validator-skills": {
      "flake": false,
      "locked": {
        "lastModified": 1774484708,
        "narHash": "sha256-cQEbj7K2HcFlL7vUVFYKsjlgZbzQqbVcAtw2QX7H4WQ=",
        "owner": "VisiCore",
        "repo": "vct-cribl-pack-validator",
        "rev": "eaf3b3f17f77faf6825c587dfdd552f8a9837926",
        "type": "github"
      },
      "original": {
        "owner": "VisiCore",
        "repo": "vct-cribl-pack-validator",
        "type": "github"
      }
    },
    "visual-explainer-marketplace": {
      "flake": false,
      "locked": {
        "lastModified": 1787955819,
        "narHash": "sha256-QO7jv6vK30shxJ+iKWfiSf04PSFeNESWx//yur7RcTc=",
        "owner": "nicobailon",
        "repo": "visual-explainer",
        "rev": "7163c3e10660912e0b89e1af465db9f387282b88",
        "type": "github"
      },
      "original": {
        "owner": "nicobailon",
        "repo": "visual-explainer",
        "type": "github"
      }
    },
    "zsh-async": {
      "flake": false,
      "locked": {
        "lastModified": 1672955751,
        "narHash": "sha256-mkTmgSnfoZlTaOPhw0Y0yG1BkZv+oTo/eEisZZTN5nM=",
        "owner": "mafredri",
        "repo": "zsh-async",
        "rev": "ee1d11b68c38dec24c22b1c51a45e8a815a79756",
        "type": "github"
      },
      "original": {
        "owner": "mafredri",
        "repo": "zsh-async",
        "type": "github"
      }
    },
    "zsh-f-sy-h": {
      "flake": false,
      "locked": {
        "lastModified": 1789388584,
        "narHash": "sha256-55QGdQtj3zdHKzzXog0/PJzqruiR6gVMTcoXZIoc1rw=",
        "owner": "z-shell",
        "repo": "F-Sy-H",
        "rev": "dd4504b6d241777070fc4f6d076ecbbe305f7fa4",
        "type": "github"
      },
      "original": {
        "owner": "z-shell",
        "repo": "F-Sy-H",
        "type": "github"
      }
    },
    "zsh-min-plus": {
      "flake": false,
      "locked": {
        "lastModified": 1787044736,
        "narHash": "sha256-SR5OV36wxLYyLlyvh2IxVgvebQuD3aeerdZsTUqOKXE=",
        "owner": "obvionaoe",
        "repo": "zsh-min-plus",
        "rev": "0736d4aaf32c6941c69b2c6134ee213cc4e1da21",
        "type": "github"
      },
      "original": {
        "owner": "obvionaoe",
        "repo": "zsh-min-plus",
        "type": "github"
      }
    }
  },
  "root": "root",
  "version": 7
}
